Microsoft Visual Studio Solution File, Format Version 12.00
# Visual Studio Version 17
VisualStudioVersion = 17.5.2.0
MinimumVisualStudioVersion = 10.0.40219.1
Project("{FAE04EC0-301F-11D3-BF4B-00C04F79EFBC}") = "TP03-MusicStore", "TP03--Music-Store-master\TP03-MusicStore.csproj", "{BCAB485E-D0C1-1284-541A-64308710AC30}"
EndProject
Global
	GlobalSection(SolutionConfigurationPlatforms) = preSolution
		Debug|Any CPU = Debug|Any CPU
		Release|Any CPU = Release|Any CPU
	EndGlobalSection
	GlobalSection(ProjectConfigurationPlatforms) = postSolution
		{BCAB485E-D0C1-1284-541A-64308710AC30}.Debug|Any CPU.ActiveCfg = Debug|Any CPU
		{BCAB485E-D0C1-1284-541A-64308710AC30}.Debug|Any CPU.Build.0 = Debug|Any CPU
		{BCAB485E-D0C1-1284-541A-64308710AC30}.Release|Any CPU.ActiveCfg = Release|Any CPU
		{BCAB485E-D0C1-1284-541A-64308710AC30}.Release|Any CPU.Build.0 = Release|Any CPU
	EndGlobalSection
	GlobalSection(SolutionProperties) = preSolution
		HideSolutionNode = FALSE
	EndGlobalSection
	GlobalSection(ExtensibilityGlobals) = postSolution
		SolutionGuid = {3E7FFA55-186A-43A1-AEBF-74F84719BD8E}
	EndGlobalSection
EndGlobal
